
Microsoft Visual Studio Solution File, Format Version 12.00
# Visual Studio Version 16
VisualStudioVersion = 16.0.30517.126
MinimumVisualStudioVersion = 10.0.40219.1
Project("{FAE04EC0-301F-11D3-BF4B-00C04F79EFBC}") = "CarGame", "CarGame\CarGame.csproj", "{3E61A305-29AE-43A4-BC4C-DFD33C07F056}"
EndProject
Global
	GlobalSection(SolutionConfigurationPlatforms) = preSolution
		Debug|Any CPU = Debug|Any CPU
		Release|Any CPU = Release|Any CPU
	EndGlobalSection
	GlobalSection(ProjectConfigurationPlatforms) = postSolution
		{3E61A305-29AE-43A4-BC4C-DFD33C07F056}.Debug|Any CPU.ActiveCfg = Debug|Any CPU
		{3E61A305-29AE-43A4-BC4C-DFD33C07F056}.Debug|Any CPU.Build.0 = Debug|Any CPU
		{3E61A305-29AE-43A4-BC4C-DFD33C07F056}.Release|Any CPU.ActiveCfg = Release|Any CPU
		{3E61A305-29AE-43A4-BC4C-DFD33C07F056}.Release|Any CPU.Build.0 = Release|Any CPU
	EndGlobalSection
	GlobalSection(SolutionProperties) = preSolution
		HideSolutionNode = FALSE
	EndGlobalSection
	GlobalSection(ExtensibilityGlobals) = postSolution
		SolutionGuid = {96AAF5BF-6265-49C2-9818-C4EF3BF0102C}
	EndGlobalSection
EndGlobal
